
Microsoft Visual Studio Solution File, Format Version 12.00
# Visual Studio Version 17
VisualStudioVersion = 17.8.34309.116
MinimumVisualStudioVersion = 10.0.40219.1
Project("{FAE04EC0-301F-11D3-BF4B-00C04F79EFBC}") = "Ve2", "Ve2\Ve2.csproj", "{CCA9D197-50E8-49D6-8CAA-1157E4482261}"
EndProject
Global
	GlobalSection(SolutionConfigurationPlatforms) = preSolution
		Debug|Any CPU = Debug|Any CPU
		Release|Any CPU = Release|Any CPU
	EndGlobalSection
	GlobalSection(ProjectConfigurationPlatforms) = postSolution
		{CCA9D197-50E8-49D6-8CAA-1157E4482261}.Debug|Any CPU.ActiveCfg = Debug|Any CPU
		{CCA9D197-50E8-49D6-8CAA-1157E4482261}.Debug|Any CPU.Build.0 = Debug|Any CPU
		{CCA9D197-50E8-49D6-8CAA-1157E4482261}.Release|Any CPU.ActiveCfg = Release|Any CPU
		{CCA9D197-50E8-49D6-8CAA-1157E4482261}.Release|Any CPU.Build.0 = Release|Any CPU
	EndGlobalSection
	GlobalSection(SolutionProperties) = preSolution
		HideSolutionNode = FALSE
	EndGlobalSection
	GlobalSection(ExtensibilityGlobals) = postSolution
		SolutionGuid = {C286BF47-51CC-48F2-8E01-3DEF912A5B35}
	EndGlobalSection
EndGlobal
